# This file is automatically @generated by Cargo.
# It is not intended for manual editing.
version = 4

[[package]]
name = "AoC2025"
version = "0.1.0"
dependencies = [
 "d01",
 "d02",
 "d03",
 "d04",
]

[[package]]
name = "d01"
version = "0.1.0"

[[package]]
name = "d02"
version = "0.1.0"

[[package]]
name = "d03"
version = "0.1.0"

[[package]]
name = "d04"
version = "0.1.0"
